
Microsoft Visual Studio Solution File, Format Version 12.00
# Visual Studio Version 17
VisualStudioVersion = 17.6.33815.320
MinimumVisualStudioVersion = 10.0.40219.1
Project("{2150E333-8FDC-42A3-9474-1A3956D46DE8}") = "N-71", "N-71", "{9BA6F724-9FFF-4D4C-A629-6B4F626B63AE}"
EndProject
Project("{2150E333-8FDC-42A3-9474-1A3956D46DE8}") = "HomeTask", "HomeTask", "{C9506707-0FAF-4B68-9D48-5B42847436FE}"
EndProject
Project("{9A19103F-16F7-4668-BE54-9A1E7A4F7556}") = "N71BlogPost.Api", "N71BlogPost.Api\N71BlogPost.Api.csproj", "{3D67F55B-C2A2-458C-83F6-ED394821375F}"
EndProject
Project("{9A19103F-16F7-4668-BE54-9A1E7A4F7556}") = "N71BlogPost.Application", "N71BlogPost.Application\N71BlogPost.Application.csproj", "{8B1AC30E-E927-409F-A13E-6D98FCAC6C43}"
EndProject
Project("{9A19103F-16F7-4668-BE54-9A1E7A4F7556}") = "N71BlogPost.Infrastructure", "N71BlogPost.Infrastructure\N71BlogPost.Infrastructure.csproj", "{BF2BB346-740A-4439-8903-8EAB91C99DEE}"
EndProject
Project("{9A19103F-16F7-4668-BE54-9A1E7A4F7556}") = "N71BlogPost.Domain", "N71BlogPost.Domain\N71BlogPost.Domain.csproj", "{07BF72CB-ED72-4A91-9CF3-6678AFD258C2}"
EndProject
Project("{9A19103F-16F7-4668-BE54-9A1E7A4F7556}") = "N71BlogPost.Persistence", "N71BlogPost.Persistence\N71BlogPost.Persistence.csproj", "{1280A61C-0F96-47D7-8E91-B55C5D1BCAEC}"
EndProject
Project("{2150E333-8FDC-42A3-9474-1A3956D46DE8}") = "BackGroundService", "BackGroundService", "{75CB0B27-B6DE-4504-8FFD-5F897B3885B7}"
EndProject
Project("{9A19103F-16F7-4668-BE54-9A1E7A4F7556}") = "BackGroundServicese", "BackGroundServicese\BackGroundServicese.csproj", "{8CDA3BB9-9806-4627-BA48-B7D645554B0E}"
EndProject
Project("{2150E333-8FDC-42A3-9474-1A3956D46DE8}") = "Bot", "Bot", "{C4FFB802-43CC-42B0-A35B-2BBAAC217D5B}"
EndProject
Project("{9A19103F-16F7-4668-BE54-9A1E7A4F7556}") = "Bot", "Bot\Bot.csproj", "{ECF1E8AF-47F2-4EFA-9EDF-ED550FB35359}"
EndProject
Project("{2150E333-8FDC-42A3-9474-1A3956D46DE8}") = "N73", "N73", "{B7278806-EFBF-435A-9B2B-F91C0E125413}"
EndProject
Project("{9A19103F-16F7-4668-BE54-9A1E7A4F7556}") = "Notification.API", "Notification.API\Notification.API.csproj", "{4E0A6681-B21B-4ACB-8487-A938C57A5A69}"
EndProject
Project("{9A19103F-16F7-4668-BE54-9A1E7A4F7556}") = "Notification.API.Domain", "Notification.API.Domain\Notification.API.Domain.csproj", "{4C04A256-05A3-4282-8DC2-2828DD36688A}"
EndProject
Project("{9A19103F-16F7-4668-BE54-9A1E7A4F7556}") = "Notification.API.Infrostructure", "Notification.API.Infrostructure\Notification.API.Infrostructure.csproj", "{2E74D8B1-8236-49E5-9D05-0E6337DB170D}"
EndProject
Project("{9A19103F-16F7-4668-BE54-9A1E7A4F7556}") = "Notification.API.Application", "Notification.API.Application\Notification.API.Application.csproj", "{2930A733-CB13-48D9-A2E5-FC2CDE5521D4}"
EndProject
Project("{9A19103F-16F7-4668-BE54-9A1E7A4F7556}") = "Notification.API.Persistance", "Notification.API.Persistance\Notification.API.Persistance.csproj", "{531F9BB5-B620-4231-BF02-D545A5968D93}"
EndProject
Project("{2150E333-8FDC-42A3-9474-1A3956D46DE8}") = "N76", "N76", "{772443DF-1345-499C-BA25-6317E4802C21}"
EndProject
Project("{FAE04EC0-301F-11D3-BF4B-00C04F79EFBC}") = "HomeTask", "HomeTask\HomeTask.csproj", "{215953E6-7B92-4ABF-8812-56B838C833AC}"
EndProject
Global
	GlobalSection(SolutionConfigurationPlatforms) = preSolution
		Debug|Any CPU = Debug|Any CPU
		Release|Any CPU = Release|Any CPU
	EndGlobalSection
	GlobalSection(ProjectConfigurationPlatforms) = postSolution
		{3D67F55B-C2A2-458C-83F6-ED394821375F}.Debug|Any CPU.ActiveCfg = Debug|Any CPU
		{3D67F55B-C2A2-458C-83F6-ED394821375F}.Debug|Any CPU.Build.0 = Debug|Any CPU
		{3D67F55B-C2A2-458C-83F6-ED394821375F}.Release|Any CPU.ActiveCfg = Release|Any CPU
		{3D67F55B-C2A2-458C-83F6-ED394821375F}.Release|Any CPU.Build.0 = Release|Any CPU
		{8B1AC30E-E927-409F-A13E-6D98FCAC6C43}.Debug|Any CPU.ActiveCfg = Debug|Any CPU
		{8B1AC30E-E927-409F-A13E-6D98FCAC6C43}.Debug|Any CPU.Build.0 = Debug|Any CPU
		{8B1AC30E-E927-409F-A13E-6D98FCAC6C43}.Release|Any CPU.ActiveCfg = Release|Any CPU
		{8B1AC30E-E927-409F-A13E-6D98FCAC6C43}.Release|Any CPU.Build.0 = Release|Any CPU
		{BF2BB346-740A-4439-8903-8EAB91C99DEE}.Debug|Any CPU.ActiveCfg = Debug|Any CPU
		{BF2BB346-740A-4439-8903-8EAB91C99DEE}.Debug|Any CPU.Build.0 = Debug|Any CPU
		{BF2BB346-740A-4439-8903-8EAB91C99DEE}.Release|Any CPU.ActiveCfg = Release|Any CPU
		{BF2BB346-740A-4439-8903-8EAB91C99DEE}.Release|Any CPU.Build.0 = Release|Any CPU
		{07BF72CB-ED72-4A91-9CF3-6678AFD258C2}.Debug|Any CPU.ActiveCfg = Debug|Any CPU
		{07BF72CB-ED72-4A91-9CF3-6678AFD258C2}.Debug|Any CPU.Build.0 = Debug|Any CPU
		{07BF72CB-ED72-4A91-9CF3-6678AFD258C2}.Release|Any CPU.ActiveCfg = Release|Any CPU
		{07BF72CB-ED72-4A91-9CF3-6678AFD258C2}.Release|Any CPU.Build.0 = Release|Any CPU
		{1280A61C-0F96-47D7-8E91-B55C5D1BCAEC}.Debug|Any CPU.ActiveCfg = Debug|Any CPU
		{1280A61C-0F96-47D7-8E91-B55C5D1BCAEC}.Debug|Any CPU.Build.0 = Debug|Any CPU
		{1280A61C-0F96-47D7-8E91-B55C5D1BCAEC}.Release|Any CPU.ActiveCfg = Release|Any CPU
		{1280A61C-0F96-47D7-8E91-B55C5D1BCAEC}.Release|Any CPU.Build.0 = Release|Any CPU
		{8CDA3BB9-9806-4627-BA48-B7D645554B0E}.Debug|Any CPU.ActiveCfg = Debug|Any CPU
		{8CDA3BB9-9806-4627-BA48-B7D645554B0E}.Debug|Any CPU.Build.0 = Debug|Any CPU
		{8CDA3BB9-9806-4627-BA48-B7D645554B0E}.Release|Any CPU.ActiveCfg = Release|Any CPU
		{8CDA3BB9-9806-4627-BA48-B7D645554B0E}.Release|Any CPU.Build.0 = Release|Any CPU
		{ECF1E8AF-47F2-4EFA-9EDF-ED550FB35359}.Debug|Any CPU.ActiveCfg = Debug|Any CPU
		{ECF1E8AF-47F2-4EFA-9EDF-ED550FB35359}.Debug|Any CPU.Build.0 = Debug|Any CPU
		{ECF1E8AF-47F2-4EFA-9EDF-ED550FB35359}.Release|Any CPU.ActiveCfg = Release|Any CPU
		{ECF1E8AF-47F2-4EFA-9EDF-ED550FB35359}.Release|Any CPU.Build.0 = Release|Any CPU
		{4E0A6681-B21B-4ACB-8487-A938C57A5A69}.Debug|Any CPU.ActiveCfg = Debug|Any CPU
		{4E0A6681-B21B-4ACB-8487-A938C57A5A69}.Debug|Any CPU.Build.0 = Debug|Any CPU
		{4E0A6681-B21B-4ACB-8487-A938C57A5A69}.Release|Any CPU.ActiveCfg = Release|Any CPU
		{4E0A6681-B21B-4ACB-8487-A938C57A5A69}.Release|Any CPU.Build.0 = Release|Any CPU
		{4C04A256-05A3-4282-8DC2-2828DD36688A}.Debug|Any CPU.ActiveCfg = Debug|Any CPU
		{4C04A256-05A3-4282-8DC2-2828DD36688A}.Debug|Any CPU.Build.0 = Debug|Any CPU
		{4C04A256-05A3-4282-8DC2-2828DD36688A}.Release|Any CPU.ActiveCfg = Release|Any CPU
		{4C04A256-05A3-4282-8DC2-2828DD36688A}.Release|Any CPU.Build.0 = Release|Any CPU
		{2E74D8B1-8236-49E5-9D05-0E6337DB170D}.Debug|Any CPU.ActiveCfg = Debug|Any CPU
		{2E74D8B1-8236-49E5-9D05-0E6337DB170D}.Debug|Any CPU.Build.0 = Debug|Any CPU
		{2E74D8B1-8236-49E5-9D05-0E6337DB170D}.Release|Any CPU.ActiveCfg = Release|Any CPU
		{2E74D8B1-8236-49E5-9D05-0E6337DB170D}.Release|Any CPU.Build.0 = Release|Any CPU
		{2930A733-CB13-48D9-A2E5-FC2CDE5521D4}.Debug|Any CPU.ActiveCfg = Debug|Any CPU
		{2930A733-CB13-48D9-A2E5-FC2CDE5521D4}.Debug|Any CPU.Build.0 = Debug|Any CPU
		{2930A733-CB13-48D9-A2E5-FC2CDE5521D4}.Release|Any CPU.ActiveCfg = Release|Any CPU
		{2930A733-CB13-48D9-A2E5-FC2CDE5521D4}.Release|Any CPU.Build.0 = Release|Any CPU
		{531F9BB5-B620-4231-BF02-D545A5968D93}.Debug|Any CPU.ActiveCfg = Debug|Any CPU
		{531F9BB5-B620-4231-BF02-D545A5968D93}.Debug|Any CPU.Build.0 = Debug|Any CPU
		{531F9BB5-B620-4231-BF02-D545A5968D93}.Release|Any CPU.ActiveCfg = Release|Any CPU
		{531F9BB5-B620-4231-BF02-D545A5968D93}.Release|Any CPU.Build.0 = Release|Any CPU
		{215953E6-7B92-4ABF-8812-56B838C833AC}.Debug|Any CPU.ActiveCfg = Debug|Any CPU
		{215953E6-7B92-4ABF-8812-56B838C833AC}.Debug|Any CPU.Build.0 = Debug|Any CPU
		{215953E6-7B92-4ABF-8812-56B838C833AC}.Release|Any CPU.ActiveCfg = Release|Any CPU
		{215953E6-7B92-4ABF-8812-56B838C833AC}.Release|Any CPU.Build.0 = Release|Any CPU
	EndGlobalSection
	GlobalSection(SolutionProperties) = preSolution
		HideSolutionNode = FALSE
	EndGlobalSection
	GlobalSection(NestedProjects) = preSolution
		{C9506707-0FAF-4B68-9D48-5B42847436FE} = {9BA6F724-9FFF-4D4C-A629-6B4F626B63AE}
		{3D67F55B-C2A2-458C-83F6-ED394821375F} = {C9506707-0FAF-4B68-9D48-5B42847436FE}
		{8B1AC30E-E927-409F-A13E-6D98FCAC6C43} = {C9506707-0FAF-4B68-9D48-5B42847436FE}
		{BF2BB346-740A-4439-8903-8EAB91C99DEE} = {C9506707-0FAF-4B68-9D48-5B42847436FE}
		{07BF72CB-ED72-4A91-9CF3-6678AFD258C2} = {C9506707-0FAF-4B68-9D48-5B42847436FE}
		{1280A61C-0F96-47D7-8E91-B55C5D1BCAEC} = {C9506707-0FAF-4B68-9D48-5B42847436FE}
		{8CDA3BB9-9806-4627-BA48-B7D645554B0E} = {75CB0B27-B6DE-4504-8FFD-5F897B3885B7}
		{ECF1E8AF-47F2-4EFA-9EDF-ED550FB35359} = {C4FFB802-43CC-42B0-A35B-2BBAAC217D5B}
		{4E0A6681-B21B-4ACB-8487-A938C57A5A69} = {B7278806-EFBF-435A-9B2B-F91C0E125413}
		{4C04A256-05A3-4282-8DC2-2828DD36688A} = {B7278806-EFBF-435A-9B2B-F91C0E125413}
		{2E74D8B1-8236-49E5-9D05-0E6337DB170D} = {B7278806-EFBF-435A-9B2B-F91C0E125413}
		{2930A733-CB13-48D9-A2E5-FC2CDE5521D4} = {B7278806-EFBF-435A-9B2B-F91C0E125413}
		{531F9BB5-B620-4231-BF02-D545A5968D93} = {B7278806-EFBF-435A-9B2B-F91C0E125413}
		{215953E6-7B92-4ABF-8812-56B838C833AC} = {772443DF-1345-499C-BA25-6317E4802C21}
	EndGlobalSection
	GlobalSection(ExtensibilityGlobals) = postSolution
		SolutionGuid = {0BF74F43-930C-4403-90D9-99054161AAE7}
	EndGlobalSection
EndGlobal
